{
  "name": "ServerFire",
  "version": "1.0.0",
  "lockfileVersion": 1,
  "requires": true,
  "dependencies": {
    "serverfire": {
      "version": "1.0.0",
      "resolved": "https://registry.npmjs.org/serverfire/-/serverfire-1.0.0.tgz",
      "integrity": "sha512-Q8DzVnRACb1FFy4TnToV8B+EgDxcS3xKIcbo+Ko88+gyYnD4YHvPmJQKM09WhJcXoDIJnrOJQoYcZnhclMex4Q=="
    }
  }
}
